// !$*UTF8*$!
{
	archiveVersion = 1;
	classes = {
	};
	objectVersion = 48;
	objects = {

/* Begin PBXBuildFile section */
		B8498020203564B8007CB586 /* AppDelegate.swift in Sources */ = {isa = PBXBuildFile; fileRef = B849801F203564B8007CB586 /* AppDelegate.swift */; };
		B8498022203564B8007CB586 /* ViewController.swift in Sources */ = {isa = PBXBuildFile; fileRef = B8498021203564B8007CB586 /* ViewController.swift */; };
		B8498025203564B8007CB586 /* Main.storyboard in Resources */ = {isa = PBXBuildFile; fileRef = B8498023203564B8007CB586 /* Main.storyboard */; };
		B8498027203564B8007CB586 /* Assets.xcassets in Resources */ = {isa = PBXBuildFile; fileRef = B8498026203564B8007CB586 /* Assets.xcassets */; };
		B849802A203564B8007CB586 /* LaunchScreen.storyboard in Resources */ = {isa = PBXBuildFile; fileRef = B8498028203564B8007CB586 /* LaunchScreen.storyboard */; };
		B8498032203566C8007CB586 /* UIButtonExt.swift in Sources */ = {isa = PBXBuildFile; fileRef = B8498031203566C8007CB586 /* UIButtonExt.swift */; };
		B84980342035764E007CB586 /* helpers.swift in Sources */ = {isa = PBXBuildFile; fileRef = B84980332035764E007CB586 /* helpers.swift */; };
/* End PBXBuildFile section */

/* Begin PBXFileReference section */
		B849801C203564B8007CB586 /* Extension-demo.app */ = {isa = PBXFileReference; explicitFileType = wrapper.application; includeInIndex = 0; path = "Extension-demo.app"; sourceTree = BUILT_PRODUCTS_DIR; };
		B849801F203564B8007CB586 /* AppDelegate.swift */ = {isa = PBXFileReference; lastKnownFileType = sourcecode.swift; path = AppDelegate.swift; sourceTree = "<group>"; };
		B8498021203564B8007CB586 /* ViewController.swift */ = {isa = PBXFileReference; lastKnownFileType = sourcecode.swift; path = ViewController.swift; sourceTree = "<group>"; };
		B8498024203564B8007CB586 /* Base */ = {isa = PBXFileReference; lastKnownFileType = file.storyboard; name = Base; path = Base.lproj/Main.storyboard; sourceTree = "<group>"; };
		B8498026203564B8007CB586 /* Assets.xcassets */ = {isa = PBXFileReference; lastKnownFileType = folder.assetcatalog; path = Assets.xcassets; sourceTree = "<group>"; };
		B8498029203564B8007CB586 /* Base */ = {isa = PBXFileReference; lastKnownFileType = file.storyboard; name = Base; path = Base.lproj/LaunchScreen.storyboard; sourceTree = "<group>"; };
		B849802B203564B8007CB586 /* Info.plist */ = {isa = PBXFileReference; lastKnownFileType = text.plist.xml; path = Info.plist; sourceTree = "<group>"; };
		B8498031203566C8007CB586 /* UIButtonExt.swift */ = {isa = PBXFileReference; lastKnownFileType = sourcecode.swift; path = UIButtonExt.swift; sourceTree = "<group>"; };
		B84980332035764E007CB586 /* helpers.swift */ = {isa = PBXFileReference; lastKnownFileType = sourcecode.swift; path = helpers.swift; sourceTree = "<group>"; };
/* End PBXFileReference section */

/* Begin PBXFrameworksBuildPhase section */
		B8498019203564B8007CB586 /* Frameworks */ = {
			isa = PBXFrameworksBuildPhase;
			buildActionMask = 2147483647;
			files = (
			);
			runOnlyForDeploymentPostprocessing = 0;
		};
/* End PBXFrameworksBuildPhase section */

/* Begin PBXGroup section */
		B8498013203564B8007CB586 = {
			isa = PBXGroup;
			children = (
				B849801E203564B8007CB586 /* Extension-demo */,
				B849801D203564B8007CB586 /* Products */,
			);
			sourceTree = "<group>";
		};
		B849801D203564B8007CB586 /* Products */ = {
			isa = PBXGroup;
			children = (
				B849801C203564B8007CB586 /* Extension-demo.app */,
			);
			name = Products;
			sourceTree = "<group>";
		};
		B849801E203564B8007CB586 /* Extension-demo */ = {
			isa = PBXGroup;
			children = (
				B849801F203564B8007CB586 /* AppDelegate.swift */,
				B8498021203564B8007CB586 /* ViewController.swift */,
				B8498023203564B8007CB586 /* Main.storyboard */,
				B8498026203564B8007CB586 /* Assets.xcassets */,
				B8498028203564B8007CB586 /* LaunchScreen.storyboard */,
				B849802B203564B8007CB586 /* Info.plist */,
				B8498031203566C8007CB586 /* UIButtonExt.swift */,
				B84980332035764E007CB586 /* helpers.swift */,
			);
			path = "Extension-demo";
			sourceTree = "<group>";
		};
/* End PBXGroup section */

/* Begin PBXNativeTarget section */
		B849801B203564B8007CB586 /* Extension-demo */ = {
			isa = PBXNativeTarget;
			buildConfigurationList = B849802E203564B8007CB586 /* Build configuration list for PBXNativeTarget "Extension-demo" */;
			buildPhases = (
				B8498018203564B8007CB586 /* Sources */,
				B8498019203564B8007CB586 /* Frameworks */,
				B849801A203564B8007CB586 /* Resources */,
			);
			buildRules = (
			);
			dependencies = (
			);
			name = "Extension-demo";
			productName = "Extension-demo";
			productReference = B849801C203564B8007CB586 /* Extension-demo.app */;
			productType = "com.apple.product-type.application";
		};
/* End PBXNativeTarget section */

/* Begin PBXProject section */
		B8498014203564B8007CB586 /* Project object */ = {
			isa = PBXProject;
			attributes = {
				LastSwiftUpdateCheck = 0920;
				LastUpgradeCheck = 0920;
				ORGANIZATIONNAME = Zaid;
				TargetAttributes = {
					B849801B203564B8007CB586 = {
						CreatedOnToolsVersion = 9.2;
						ProvisioningStyle = Automatic;
					};
				};
			};
			buildConfigurationList = B8498017203564B8007CB586 /* Build configuration list for PBXProject "Extension-demo" */;
			compatibilityVersion = "Xcode 8.0";
			developmentRegion = en;
			hasScannedForEncodings = 0;
			knownRegions = (
				en,
				Base,
			);
			mainGroup = B8498013203564B8007CB586;
			productRefGroup = B849801D203564B8007CB586 /* Products */;
			projectDirPath = "";
			projectRoot = "";
			targets = (
				B849801B203564B8007CB586 /* Extension-demo */,
			);
		};
/* End PBXProject section */

/* Begin PBXResourcesBuildPhase section */
		B849801A203564B8007CB586 /* Resources */ = {
			isa = PBXResourcesBuildPhase;
			buildActionMask = 2147483647;
			files = (
				B849802A203564B8007CB586 /* LaunchScreen.storyboard in Resources */,
				B8498027203564B8007CB586 /* Assets.xcassets in Resources */,
				B8498025203564B8007CB586 /* Main.storyboard in Resources */,
			);
			runOnlyForDeploymentPostprocessing = 0;
		};
/* End PBXResourcesBuildPhase section */

/* Begin PBXSourcesBuildPhase section */
		B8498018203564B8007CB586 /* Sources */ = {
			isa = PBXSourcesBuildPhase;
			buildActionMask = 2147483647;
			files = (
				B8498022203564B8007CB586 /* ViewController.swift in Sources */,
				B8498032203566C8007CB586 /* UIButtonExt.swift in Sources */,
				B8498020203564B8007CB586 /* AppDelegate.swift in Sources */,
				B84980342035764E007CB586 /* helpers.swift in Sources */,
			);
			runOnlyForDeploymentPostprocessing = 0;
		};
/* End PBXSourcesBuildPhase section */

/* Begin PBXVariantGroup section */
		B8498023203564B8007CB586 /* Main.storyboard */ = {
			isa = PBXVariantGroup;
			children = (
				B8498024203564B8007CB586 /* Base */,
			);
			name = Main.storyboard;
			sourceTree = "<group>";
		};
		B8498028203564B8007CB586 /* LaunchScreen.storyboard */ = {
			isa = PBXVariantGroup;
			children = (
				B8498029203564B8007CB586 /* Base */,
			);
			name = LaunchScreen.storyboard;
			sourceTree = "<group>";
		};
/* End PBXVariantGroup section */

/* Begin XCBuildConfiguration section */
		B849802C203564B8007CB586 /* Debug */ = {
			isa = XCBuildConfiguration;
			buildSettings = {
				ALWAYS_SEARCH_USER_PATHS = NO;
				CLANG_ANALYZER_NONNULL = YES;
				CLANG_ANALYZER_NUMBER_OBJECT_CONVERSION = YES_AGGRESSIVE;
				CLANG_CXX_LANGUAGE_STANDARD = "gnu++14";
				CLANG_CXX_LIBRARY = "libc++";
				CLANG_ENABLE_MODULES = YES;
				CLANG_ENABLE_OBJC_ARC = YES;
				CLANG_WARN_BLOCK_CAPTURE_AUTORELEASING = YES;
				CLANG_WARN_BOOL_CONVERSION = YES;
				CLANG_WARN_COMMA = YES;
				CLANG_WARN_CONSTANT_CONVERSION = YES;
				CLANG_WARN_DIRECT_OBJC_ISA_USAGE = YES_ERROR;
				CLANG_WARN_DOCUMENTATION_COMMENTS = YES;
				CLANG_WARN_EMPTY_BODY = YES;
				CLANG_WARN_ENUM_CONVERSION = YES;
				CLANG_WARN_INFINITE_RECURSION = YES;
				CLANG_WARN_INT_CONVERSION = YES;
				CLANG_WARN_NON_LITERAL_NULL_CONVERSION = YES;
				CLANG_WARN_OBJC_LITERAL_CONVERSION = YES;
				CLANG_WARN_OBJC_ROOT_CLASS = YES_ERROR;
				CLANG_WARN_RANGE_LOOP_ANALYSIS = YES;
				CLANG_WARN_STRICT_PROTOTYPES = YES;
				CLANG_WARN_SUSPICIOUS_MOVE = YES;
				CLANG_WARN_UNGUARDED_AVAILABILITY = YES_AGGRESSIVE;
				CLANG_WARN_UNREACHABLE_CODE = YES;
				CLANG_WARN__DUPLICATE_METHOD_MATCH = YES;
				CODE_SIGN_IDENTITY = "iPhone Developer";
				COPY_PHASE_STRIP = NO;
				DEBUG_INFORMATION_FORMAT = dwarf;
				ENABLE_STRICT_OBJC_MSGSEND = YES;
				ENABLE_TESTABILITY = YES;
				GCC_C_LANGUAGE_STANDARD = gnu11;
				GCC_DYNAMIC_NO_PIC = NO;
				GCC_NO_COMMON_BLOCKS = YES;
				GCC_OPTIMIZATION_LEVEL = 0;
				GCC_PREPROCESSOR_DEFINITIONS = (
					"DEBUG=1",
					"$(inherited)",
				);
				GCC_WARN_64_TO_32_BIT_CONVERSION = YES;
				GCC_WARN_ABOUT_RETURN_TYPE = YES_ERROR;
				GCC_WARN_UNDECLARED_SELECTOR = YES;
				GCC_WARN_UNINITIALIZED_AUTOS = YES_AGGRESSIVE;
				GCC_WARN_UNUSED_FUNCTION = YES;
				GCC_WARN_UNUSED_VARIABLE = YES;
				IPHONEOS_DEPLOYMENT_TARGET = 11.2;
				MTL_ENABLE_DEBUG_INFO = YES;
				ONLY_ACTIVE_ARCH = YES;
				SDKROOT = iphoneos;
				SWIFT_ACTIVE_COMPILATION_CONDITIONS = DEBUG;
				SWIFT_OPTIMIZATION_LEVEL = "-Onone";
			};
			name = Debug;
		};
		B849802D203564B8007CB586 /* Release */ = {
			isa = XCBuildConfiguration;
			buildSettings = {
				ALWAYS_SEARCH_USER_PATHS = NO;
				CLANG_ANALYZER_NONNULL = YES;
				CLANG_ANALYZER_NUMBER_OBJECT_CONVERSION = YES_AGGRESSIVE;
				CLANG_CXX_LANGUAGE_STANDARD = "gnu++14";
				CLANG_CXX_LIBRARY = "libc++";
				CLANG_ENABLE_MODULES = YES;
				CLANG_ENABLE_OBJC_ARC = YES;
				CLANG_WARN_BLOCK_CAPTURE_AUTORELEASING = YES;
				CLANG_WARN_BOOL_CONVERSION = YES;
				CLANG_WARN_COMMA = YES;
				CLANG_WARN_CONSTANT_CONVERSION = YES;
				CLANG_WARN_DIRECT_OBJC_ISA_USAGE = YES_ERROR;
				CLANG_WARN_DOCUMENTATION_COMMENTS = YES;
				CLANG_WARN_EMPTY_BODY = YES;
				CLANG_WARN_ENUM_CONVERSION = YES;
				CLANG_WARN_INFINITE_RECURSION = YES;
				CLANG_WARN_INT_CONVERSION = YES;
				CLANG_WARN_NON_LITERAL_NULL_CONVERSION = YES;
				CLANG_WARN_OBJC_LITERAL_CONVERSION = YES;
				CLANG_WARN_OBJC_ROOT_CLASS = YES_ERROR;
				CLANG_WARN_RANGE_LOOP_ANALYSIS = YES;
				CLANG_WARN_STRICT_PROTOTYPES = YES;
				CLANG_WARN_SUSPICIOUS_MOVE = YES;
				CLANG_WARN_UNGUARDED_AVAILABILITY = YES_AGGRESSIVE;
				CLANG_WARN_UNREACHABLE_CODE = YES;
				CLANG_WARN__DUPLICATE_METHOD_MATCH = YES;
				CODE_SIGN_IDENTITY = "iPhone Developer";
				COPY_PHASE_STRIP = NO;
				DEBUG_INFORMATION_FORMAT = "dwarf-with-dsym";
				ENABLE_NS_ASSERTIONS = NO;
				ENABLE_STRICT_OBJC_MSGSEND = YES;
				GCC_C_LANGUAGE_STANDARD = gnu11;
				GCC_NO_COMMON_BLOCKS = YES;
				GCC_WARN_64_TO_32_BIT_CONVERSION = YES;
				GCC_WARN_ABOUT_RETURN_TYPE = YES_ERROR;
				GCC_WARN_UNDECLARED_SELECTOR = YES;
				GCC_WARN_UNINITIALIZED_AUTOS = YES_AGGRESSIVE;
				GCC_WARN_UNUSED_FUNCTION = YES;
				GCC_WARN_UNUSED_VARIABLE = YES;
				IPHONEOS_DEPLOYMENT_TARGET = 11.2;
				MTL_ENABLE_DEBUG_INFO = NO;
				SDKROOT = iphoneos;
				SWIFT_OPTIMIZATION_LEVEL = "-Owholemodule";
				VALIDATE_PRODUCT = YES;
			};
			name = Release;
		};
		B849802F203564B8007CB586 /* Debug */ = {
			isa = XCBuildConfiguration;
			buildSettings = {
				ASSETCATALOG_COMPILER_APPICON_NAME = AppIcon;
				CODE_SIGN_STYLE = Automatic;
				INFOPLIST_FILE = "Extension-demo/Info.plist";
				LD_RUNPATH_SEARCH_PATHS = "$(inherited) @executable_path/Frameworks";
				PRODUCT_BUNDLE_IDENTIFIER = "com.Extension-demo";
				PRODUCT_NAME = "$(TARGET_NAME)";
				SWIFT_VERSION = 4.0;
				TARGETED_DEVICE_FAMILY = "1,2";
			};
			name = Debug;
		};
		B8498030203564B8007CB586 /* Release */ = {
			isa = XCBuildConfiguration;
			buildSettings = {
				ASSETCATALOG_COMPILER_APPICON_NAME = AppIcon;
				CODE_SIGN_STYLE = Automatic;
				INFOPLIST_FILE = "Extension-demo/Info.plist";
				LD_RUNPATH_SEARCH_PATHS = "$(inherited) @executable_path/Frameworks";
				PRODUCT_BUNDLE_IDENTIFIER = "com.Extension-demo";
				PRODUCT_NAME = "$(TARGET_NAME)";
				SWIFT_VERSION = 4.0;
				TARGETED_DEVICE_FAMILY = "1,2";
			};
			name = Release;
		};
/* End XCBuildConfiguration section */

/* Begin XCConfigurationList section */
		B8498017203564B8007CB586 /* Build configuration list for PBXProject "Extension-demo" */ = {
			isa = XCConfigurationList;
			buildConfigurations = (
				B849802C203564B8007CB586 /* Debug */,
				B849802D203564B8007CB586 /* Release */,
			);
			defaultConfigurationIsVisible = 0;
			defaultConfigurationName = Release;
		};
		B849802E203564B8007CB586 /* Build configuration list for PBXNativeTarget "Extension-demo" */ = {
			isa = XCConfigurationList;
			buildConfigurations = (
				B849802F203564B8007CB586 /* Debug */,
				B8498030203564B8007CB586 /* Release */,
			);
			defaultConfigurationIsVisible = 0;
			defaultConfigurationName = Release;
		};
/* End XCConfigurationList section */
	};
	rootObject = B8498014203564B8007CB586 /* Project object */;
}
